
Microsoft Visual Studio Solution File, Format Version 12.00
# Visual Studio Version 17
VisualStudioVersion = 17.13.35931.197 d17.13
MinimumVisualStudioVersion = 10.0.40219.1
Project("{FAE04EC0-301F-11D3-BF4B-00C04F79EFBC}") = "Ollama_Integration_C#SemanticKernel", "Ollama_Integration_C#SemanticKernal\Ollama_Integration_C#SemanticKernel.csproj", "{BE16DBA2-6A59-4706-9AEE-BEEE4D5A977A}"
EndProject
Global
	GlobalSection(SolutionConfigurationPlatforms) = preSolution
		Debug|Any CPU = Debug|Any CPU
		Release|Any CPU = Release|Any CPU
	EndGlobalSection
	GlobalSection(ProjectConfigurationPlatforms) = postSolution
		{BE16DBA2-6A59-4706-9AEE-BEEE4D5A977A}.Debug|Any CPU.ActiveCfg = Debug|Any CPU
		{BE16DBA2-6A59-4706-9AEE-BEEE4D5A977A}.Debug|Any CPU.Build.0 = Debug|Any CPU
		{BE16DBA2-6A59-4706-9AEE-BEEE4D5A977A}.Release|Any CPU.ActiveCfg = Release|Any CPU
		{BE16DBA2-6A59-4706-9AEE-BEEE4D5A977A}.Release|Any CPU.Build.0 = Release|Any CPU
	EndGlobalSection
	GlobalSection(SolutionProperties) = preSolution
		HideSolutionNode = FALSE
	EndGlobalSection
	GlobalSection(ExtensibilityGlobals) = postSolution
		SolutionGuid = {3C1A43F5-CC58-47A3-B572-F5E9881B0A54}
	EndGlobalSection
EndGlobal
